
Microsoft Visual Studio Solution File, Format Version 12.00
# Visual Studio Version 17
VisualStudioVersion = 17.8.34330.188
MinimumVisualStudioVersion = 10.0.40219.1
Project("{FAE04EC0-301F-11D3-BF4B-00C04F79EFBC}") = "HorizontalStackLayout_19513", "HorizontalStackLayout_19513\HorizontalStackLayout_19513.csproj", "{C143F96A-F28C-4AB4-9230-20228841DCE8}"
EndProject
Global
	GlobalSection(SolutionConfigurationPlatforms) = preSolution
		Debug|Any CPU = Debug|Any CPU
		Release|Any CPU = Release|Any CPU
	EndGlobalSection
	GlobalSection(ProjectConfigurationPlatforms) = postSolution
		{C143F96A-F28C-4AB4-9230-20228841DCE8}.Debug|Any CPU.ActiveCfg = Debug|Any CPU
		{C143F96A-F28C-4AB4-9230-20228841DCE8}.Debug|Any CPU.Build.0 = Debug|Any CPU
		{C143F96A-F28C-4AB4-9230-20228841DCE8}.Debug|Any CPU.Deploy.0 = Debug|Any CPU
		{C143F96A-F28C-4AB4-9230-20228841DCE8}.Release|Any CPU.ActiveCfg = Release|Any CPU
		{C143F96A-F28C-4AB4-9230-20228841DCE8}.Release|Any CPU.Build.0 = Release|Any CPU
		{C143F96A-F28C-4AB4-9230-20228841DCE8}.Release|Any CPU.Deploy.0 = Release|Any CPU
	EndGlobalSection
	GlobalSection(SolutionProperties) = preSolution
		HideSolutionNode = FALSE
	EndGlobalSection
	GlobalSection(ExtensibilityGlobals) = postSolution
		SolutionGuid = {F2FF5C5C-D9F6-4506-B898-6E254B247B53}
	EndGlobalSection
EndGlobal
